
Microsoft Visual Studio Solution File, Format Version 12.00
# Visual Studio Version 17
VisualStudioVersion = 17.4.33122.133
MinimumVisualStudioVersion = 10.0.40219.1
Project("{FAE04EC0-301F-11D3-BF4B-00C04F79EFBC}") = "Learning", "Learning.csproj", "{747734F8-ED78-41D1-A35A-491476584E2A}"
EndProject
Global
	GlobalSection(SolutionConfigurationPlatforms) = preSolution
		Debug|Any CPU = Debug|Any CPU
		Release|Any CPU = Release|Any CPU
	EndGlobalSection
	GlobalSection(ProjectConfigurationPlatforms) = postSolution
		{747734F8-ED78-41D1-A35A-491476584E2A}.Debug|Any CPU.ActiveCfg = Debug|Any CPU
		{747734F8-ED78-41D1-A35A-491476584E2A}.Debug|Any CPU.Build.0 = Debug|Any CPU
		{747734F8-ED78-41D1-A35A-491476584E2A}.Release|Any CPU.ActiveCfg = Release|Any CPU
		{747734F8-ED78-41D1-A35A-491476584E2A}.Release|Any CPU.Build.0 = Release|Any CPU
	EndGlobalSection
	GlobalSection(SolutionProperties) = preSolution
		HideSolutionNode = FALSE
	EndGlobalSection
	GlobalSection(ExtensibilityGlobals) = postSolution
		SolutionGuid = {A3AC0B06-B3A8-40C2-B200-2D615FBDD188}
	EndGlobalSection
EndGlobal
